
Microsoft Visual Studio Solution File, Format Version 12.00
# Visual Studio Version 16
VisualStudioVersion = 16.0.810.6
MinimumVisualStudioVersion = 10.0.40219.1
Project("{FAE04EC0-301F-11D3-BF4B-00C04F79EFBC}") = "TelCo.ColorCoder", "TelCo.ColorCoder.csproj", "{CA85237E-C58C-4128-B7BA-7C62AD38A412}"
EndProject
Global
	GlobalSection(SolutionConfigurationPlatforms) = preSolution
		Debug|Any CPU = Debug|Any CPU
		Release|Any CPU = Release|Any CPU
	EndGlobalSection
	GlobalSection(ProjectConfigurationPlatforms) = postSolution
		{CA85237E-C58C-4128-B7BA-7C62AD38A412}.Debug|Any CPU.ActiveCfg = Debug|Any CPU
		{CA85237E-C58C-4128-B7BA-7C62AD38A412}.Debug|Any CPU.Build.0 = Debug|Any CPU
		{CA85237E-C58C-4128-B7BA-7C62AD38A412}.Release|Any CPU.ActiveCfg = Release|Any CPU
		{CA85237E-C58C-4128-B7BA-7C62AD38A412}.Release|Any CPU.Build.0 = Release|Any CPU
	EndGlobalSection
	GlobalSection(SolutionProperties) = preSolution
		HideSolutionNode = FALSE
	EndGlobalSection
	GlobalSection(ExtensibilityGlobals) = postSolution
		SolutionGuid = {66D4A3EE-BA3C-47B2-821D-451B31546839}
	EndGlobalSection
EndGlobal
